
Microsoft Visual Studio Solution File, Format Version 12.00
# Visual Studio Version 17
VisualStudioVersion = 17.3.32819.101
MinimumVisualStudioVersion = 10.0.40219.1
Project("{9A19103F-16F7-4668-BE54-9A1E7A4F7556}") = "CheckRT", "CheckRT.csproj", "{3B3EDE1F-DC77-4DEE-9F8F-6F9CD974C774}"
EndProject
Project("{9A19103F-16F7-4668-BE54-9A1E7A4F7556}") = "Snifer", "..\Snifer\Snifer.csproj", "{2E0BA199-1C1E-4A62-803F-3B5731BDEAFC}"
EndProject
Global
	GlobalSection(SolutionConfigurationPlatforms) = preSolution
		Debug|Any CPU = Debug|Any CPU
		Release|Any CPU = Release|Any CPU
	EndGlobalSection
	GlobalSection(ProjectConfigurationPlatforms) = postSolution
		{3B3EDE1F-DC77-4DEE-9F8F-6F9CD974C774}.Debug|Any CPU.ActiveCfg = Debug|Any CPU
		{3B3EDE1F-DC77-4DEE-9F8F-6F9CD974C774}.Debug|Any CPU.Build.0 = Debug|Any CPU
		{3B3EDE1F-DC77-4DEE-9F8F-6F9CD974C774}.Release|Any CPU.ActiveCfg = Release|Any CPU
		{3B3EDE1F-DC77-4DEE-9F8F-6F9CD974C774}.Release|Any CPU.Build.0 = Release|Any CPU
		{2E0BA199-1C1E-4A62-803F-3B5731BDEAFC}.Debug|Any CPU.ActiveCfg = Debug|Any CPU
		{2E0BA199-1C1E-4A62-803F-3B5731BDEAFC}.Debug|Any CPU.Build.0 = Debug|Any CPU
		{2E0BA199-1C1E-4A62-803F-3B5731BDEAFC}.Release|Any CPU.ActiveCfg = Release|Any CPU
		{2E0BA199-1C1E-4A62-803F-3B5731BDEAFC}.Release|Any CPU.Build.0 = Release|Any CPU
	EndGlobalSection
	GlobalSection(SolutionProperties) = preSolution
		HideSolutionNode = FALSE
	EndGlobalSection
	GlobalSection(ExtensibilityGlobals) = postSolution
		SolutionGuid = {BB7950CD-EE15-4EEF-A703-87579500FEF0}
	EndGlobalSection
EndGlobal
