
Microsoft Visual Studio Solution File, Format Version 12.00
# Visual Studio Version 17
VisualStudioVersion = 17.3.32819.101
MinimumVisualStudioVersion = 10.0.40219.1
Project("{9A19103F-16F7-4668-BE54-9A1E7A4F7556}") = "CheckRT", "CheckRT\CheckRT.csproj", "{A7EC63FA-7844-4082-A027-3A5CC9488C8B}"
EndProject
Project("{9A19103F-16F7-4668-BE54-9A1E7A4F7556}") = "API_ms4d", "API_ms4d\API_ms4d.csproj", "{75A781CA-4CD6-4A82-8BFE-61545AEB5B56}"
EndProject
Project("{9A19103F-16F7-4668-BE54-9A1E7A4F7556}") = "CheckTCP", "CheckTCP\CheckTCP.csproj", "{78E7BD85-DBF6-45F9-B209-D8384586CE75}"
EndProject
Global
	GlobalSection(SolutionConfigurationPlatforms) = preSolution
		Debug|Any CPU = Debug|Any CPU
		Release|Any CPU = Release|Any CPU
	EndGlobalSection
	GlobalSection(ProjectConfigurationPlatforms) = postSolution
		{A7EC63FA-7844-4082-A027-3A5CC9488C8B}.Debug|Any CPU.ActiveCfg = Debug|Any CPU
		{A7EC63FA-7844-4082-A027-3A5CC9488C8B}.Debug|Any CPU.Build.0 = Debug|Any CPU
		{A7EC63FA-7844-4082-A027-3A5CC9488C8B}.Release|Any CPU.ActiveCfg = Release|Any CPU
		{A7EC63FA-7844-4082-A027-3A5CC9488C8B}.Release|Any CPU.Build.0 = Release|Any CPU
		{75A781CA-4CD6-4A82-8BFE-61545AEB5B56}.Debug|Any CPU.ActiveCfg = Debug|Any CPU
		{75A781CA-4CD6-4A82-8BFE-61545AEB5B56}.Debug|Any CPU.Build.0 = Debug|Any CPU
		{75A781CA-4CD6-4A82-8BFE-61545AEB5B56}.Release|Any CPU.ActiveCfg = Release|Any CPU
		{75A781CA-4CD6-4A82-8BFE-61545AEB5B56}.Release|Any CPU.Build.0 = Release|Any CPU
		{78E7BD85-DBF6-45F9-B209-D8384586CE75}.Debug|Any CPU.ActiveCfg = Debug|Any CPU
		{78E7BD85-DBF6-45F9-B209-D8384586CE75}.Debug|Any CPU.Build.0 = Debug|Any CPU
		{78E7BD85-DBF6-45F9-B209-D8384586CE75}.Release|Any CPU.ActiveCfg = Release|Any CPU
		{78E7BD85-DBF6-45F9-B209-D8384586CE75}.Release|Any CPU.Build.0 = Release|Any CPU
	EndGlobalSection
	GlobalSection(SolutionProperties) = preSolution
		HideSolutionNode = FALSE
	EndGlobalSection
	GlobalSection(ExtensibilityGlobals) = postSolution
		SolutionGuid = {BB7950CD-EE15-4EEF-A703-87579500FEF0}
	EndGlobalSection
EndGlobal
